
Microsoft Visual Studio Solution File, Format Version 12.00
Project("{FAE04EC0-301F-11D3-BF4B-00C04F79EFBC}") = "Graph", "Graph\Graph.csproj", "{E30C5B94-B522-4634-8A87-75F5E045A164}"
EndProject
Project("{FAE04EC0-301F-11D3-BF4B-00C04F79EFBC}") = "Logic", "Logic\Logic.csproj", "{32E5E919-8546-44F9-B0BB-4B27F4B92EA1}"
EndProject
Project("{FAE04EC0-301F-11D3-BF4B-00C04F79EFBC}") = "Console", "Console\Console.csproj", "{3DC26FEE-DE28-4488-997F-F5C10C3D52E5}"
EndProject
Global
	GlobalSection(SolutionConfigurationPlatforms) = preSolution
		Debug|Any CPU = Debug|Any CPU
		Release|Any CPU = Release|Any CPU
	EndGlobalSection
	GlobalSection(ProjectConfigurationPlatforms) = postSolution
		{E30C5B94-B522-4634-8A87-75F5E045A164}.Debug|Any CPU.ActiveCfg = Debug|Any CPU
		{E30C5B94-B522-4634-8A87-75F5E045A164}.Debug|Any CPU.Build.0 = Debug|Any CPU
		{E30C5B94-B522-4634-8A87-75F5E045A164}.Release|Any CPU.ActiveCfg = Release|Any CPU
		{E30C5B94-B522-4634-8A87-75F5E045A164}.Release|Any CPU.Build.0 = Release|Any CPU
		{32E5E919-8546-44F9-B0BB-4B27F4B92EA1}.Debug|Any CPU.ActiveCfg = Debug|Any CPU
		{32E5E919-8546-44F9-B0BB-4B27F4B92EA1}.Debug|Any CPU.Build.0 = Debug|Any CPU
		{32E5E919-8546-44F9-B0BB-4B27F4B92EA1}.Release|Any CPU.ActiveCfg = Release|Any CPU
		{32E5E919-8546-44F9-B0BB-4B27F4B92EA1}.Release|Any CPU.Build.0 = Release|Any CPU
		{3DC26FEE-DE28-4488-997F-F5C10C3D52E5}.Debug|Any CPU.ActiveCfg = Debug|Any CPU
		{3DC26FEE-DE28-4488-997F-F5C10C3D52E5}.Debug|Any CPU.Build.0 = Debug|Any CPU
		{3DC26FEE-DE28-4488-997F-F5C10C3D52E5}.Release|Any CPU.ActiveCfg = Release|Any CPU
		{3DC26FEE-DE28-4488-997F-F5C10C3D52E5}.Release|Any CPU.Build.0 = Release|Any CPU
	EndGlobalSection
EndGlobal
